// !$*UTF8*$!
{
	archiveVersion = 1;
	classes = {
	};
	objectVersion = 55;
	objects = {

/* Begin PBXBuildFile section */
		07983D9229693592007B919C /* AppDelegate.swift in Sources */ = {isa = PBXBuildFile; fileRef = 07983D9129693592007B919C /* AppDelegate.swift */; };
		07983D9429693592007B919C /* SceneDelegate.swift in Sources */ = {isa = PBXBuildFile; fileRef = 07983D9329693592007B919C /* SceneDelegate.swift */; };
		07983D9629693592007B919C /* ViewController.swift in Sources */ = {isa = PBXBuildFile; fileRef = 07983D9529693592007B919C /* ViewController.swift */; };
		07983D9929693592007B919C /* Main.storyboard in Resources */ = {isa = PBXBuildFile; fileRef = 07983D9729693592007B919C /* Main.storyboard */; };
		07983D9B29693593007B919C /* Assets.xcassets in Resources */ = {isa = PBXBuildFile; fileRef = 07983D9A29693593007B919C /* Assets.xcassets */; };
		07983D9E29693593007B919C /* LaunchScreen.storyboard in Resources */ = {isa = PBXBuildFile; fileRef = 07983D9C29693593007B919C /* LaunchScreen.storyboard */; };
		07983DB2296937B7007B919C /* SnapKit in Frameworks */ = {isa = PBXBuildFile; productRef = 07983DB1296937B7007B919C /* SnapKit */; };
		07983DB5296937D1007B919C /* Alamofire in Frameworks */ = {isa = PBXBuildFile; productRef = 07983DB4296937D1007B919C /* Alamofire */; };
		079ED70A29694FC7008A7F19 /* Pretendard-1 in Resources */ = {isa = PBXBuildFile; fileRef = 079ED70929694FC7008A7F19 /* Pretendard-1 */; };
		2C6CE63E296966A800E88E35 /* PointWriteViewController.swift in Sources */ = {isa = PBXBuildFile; fileRef = 2C6CE63D296966A800E88E35 /* PointWriteViewController.swift */; };
		2C6CE6442969748F00E88E35 /* PointWriteCollectionViewCell.swift in Sources */ = {isa = PBXBuildFile; fileRef = 2C6CE6432969748F00E88E35 /* PointWriteCollectionViewCell.swift */; };
		2C6CE64829699E3200E88E35 /* PointPopUpViewController.swift in Sources */ = {isa = PBXBuildFile; fileRef = 2C6CE64729699E3200E88E35 /* PointPopUpViewController.swift */; };
		2C6CE64F2969C2B900E88E35 /* PlaneListViewController.swift in Sources */ = {isa = PBXBuildFile; fileRef = 2C6CE64E2969C2B900E88E35 /* PlaneListViewController.swift */; };
		2C6CE6522969C7FE00E88E35 /* PlaneWriteCollectionViewCell.swift in Sources */ = {isa = PBXBuildFile; fileRef = 2C6CE6512969C7FE00E88E35 /* PlaneWriteCollectionViewCell.swift */; };
		2C6CE6542969F63B00E88E35 /* PlaneWriteViewController.swift in Sources */ = {isa = PBXBuildFile; fileRef = 2C6CE6532969F63B00E88E35 /* PlaneWriteViewController.swift */; };
		2C6CE6562969FBD800E88E35 /* DotRequestModel.swift in Sources */ = {isa = PBXBuildFile; fileRef = 2C6CE6552969FBD800E88E35 /* DotRequestModel.swift */; };
		2C6CE6582969FCFD00E88E35 /* APIToken.swift in Sources */ = {isa = PBXBuildFile; fileRef = 2C6CE6572969FCFD00E88E35 /* APIToken.swift */; };
		2C6CE65A296A0C3700E88E35 /* PlaneWriteSelectedCollectionViewCell.swift in Sources */ = {isa = PBXBuildFile; fileRef = 2C6CE659296A0C3700E88E35 /* PlaneWriteSelectedCollectionViewCell.swift */; };
		2C6CE65C296A0DEA00E88E35 /* PlanePopUpViewController.swift in Sources */ = {isa = PBXBuildFile; fileRef = 2C6CE65B296A0DEA00E88E35 /* PlanePopUpViewController.swift */; };
/* End PBXBuildFile section */

/* Begin PBXFileReference section */
		07983D8E29693592007B919C /* PointAndLineToPlane.app */ = {isa = PBXFileReference; explicitFileType = wrapper.application; includeInIndex = 0; path = PointAndLineToPlane.app; sourceTree = BUILT_PRODUCTS_DIR; };
		07983D9129693592007B919C /* AppDelegate.swift */ = {isa = PBXFileReference; lastKnownFileType = sourcecode.swift; path = AppDelegate.swift; sourceTree = "<group>"; };
		07983D9329693592007B919C /* SceneDelegate.swift */ = {isa = PBXFileReference; lastKnownFileType = sourcecode.swift; path = SceneDelegate.swift; sourceTree = "<group>"; };
		07983D9529693592007B919C /* ViewController.swift */ = {isa = PBXFileReference; lastKnownFileType = sourcecode.swift; path = ViewController.swift; sourceTree = "<group>"; };
		07983D9829693592007B919C /* Base */ = {isa = PBXFileReference; lastKnownFileType = file.storyboard; name = Base; path = Base.lproj/Main.storyboard; sourceTree = "<group>"; };
		07983D9A29693593007B919C /* Assets.xcassets */ = {isa = PBXFileReference; lastKnownFileType = folder.assetcatalog; path = Assets.xcassets; sourceTree = "<group>"; };
		07983D9D29693593007B919C /* Base */ = {isa = PBXFileReference; lastKnownFileType = file.storyboard; name = Base; path = Base.lproj/LaunchScreen.storyboard; sourceTree = "<group>"; };
		07983D9F29693593007B919C /* Info.plist */ = {isa = PBXFileReference; lastKnownFileType = text.plist.xml; path = Info.plist; sourceTree = "<group>"; };
		079ED70929694FC7008A7F19 /* Pretendard-1 */ = {isa = PBXFileReference; lastKnownFileType = folder; path = "Pretendard-1"; sourceTree = "<group>"; };
		2C6CE63D296966A800E88E35 /* PointWriteViewController.swift */ = {isa = PBXFileReference; lastKnownFileType = sourcecode.swift; path = PointWriteViewController.swift; sourceTree = "<group>"; };
		2C6CE6432969748F00E88E35 /* PointWriteCollectionViewCell.swift */ = {isa = PBXFileReference; lastKnownFileType = sourcecode.swift; path = PointWriteCollectionViewCell.swift; sourceTree = "<group>"; };
		2C6CE64729699E3200E88E35 /* PointPopUpViewController.swift */ = {isa = PBXFileReference; lastKnownFileType = sourcecode.swift; path = PointPopUpViewController.swift; sourceTree = "<group>"; };
		2C6CE64E2969C2B900E88E35 /* PlaneListViewController.swift */ = {isa = PBXFileReference; lastKnownFileType = sourcecode.swift; path = PlaneListViewController.swift; sourceTree = "<group>"; };
		2C6CE6512969C7FE00E88E35 /* PlaneWriteCollectionViewCell.swift */ = {isa = PBXFileReference; lastKnownFileType = sourcecode.swift; path = PlaneWriteCollectionViewCell.swift; sourceTree = "<group>"; };
		2C6CE6532969F63B00E88E35 /* PlaneWriteViewController.swift */ = {isa = PBXFileReference; lastKnownFileType = sourcecode.swift; path = PlaneWriteViewController.swift; sourceTree = "<group>"; };
		2C6CE6552969FBD800E88E35 /* DotRequestModel.swift */ = {isa = PBXFileReference; lastKnownFileType = sourcecode.swift; name = DotRequestModel.swift; path = PointAndLineToPlane/ViewController/Write/Plane/DotRequestModel.swift; sourceTree = SOURCE_ROOT; };
		2C6CE6572969FCFD00E88E35 /* APIToken.swift */ = {isa = PBXFileReference; lastKnownFileType = sourcecode.swift; path = APIToken.swift; sourceTree = "<group>"; };
		2C6CE659296A0C3700E88E35 /* PlaneWriteSelectedCollectionViewCell.swift */ = {isa = PBXFileReference; lastKnownFileType = sourcecode.swift; path = PlaneWriteSelectedCollectionViewCell.swift; sourceTree = "<group>"; };
		2C6CE65B296A0DEA00E88E35 /* PlanePopUpViewController.swift */ = {isa = PBXFileReference; lastKnownFileType = sourcecode.swift; path = PlanePopUpViewController.swift; sourceTree = "<group>"; };
/* End PBXFileReference section */

/* Begin PBXFrameworksBuildPhase section */
		07983D8B29693592007B919C /* Frameworks */ = {
			isa = PBXFrameworksBuildPhase;
			buildActionMask = 2147483647;
			files = (
				07983DB2296937B7007B919C /* SnapKit in Frameworks */,
				07983DB5296937D1007B919C /* Alamofire in Frameworks */,
			);
			runOnlyForDeploymentPostprocessing = 0;
		};
/* End PBXFrameworksBuildPhase section */

/* Begin PBXGroup section */
		07983D8529693592007B919C = {
			isa = PBXGroup;
			children = (
				07983D9029693592007B919C /* PointAndLineToPlane */,
				07983D8F29693592007B919C /* Products */,
			);
			sourceTree = "<group>";
		};
		07983D8F29693592007B919C /* Products */ = {
			isa = PBXGroup;
			children = (
				07983D8E29693592007B919C /* PointAndLineToPlane.app */,
			);
			name = Products;
			sourceTree = "<group>";
		};
		07983D9029693592007B919C /* PointAndLineToPlane */ = {
			isa = PBXGroup;
			children = (
				079ED70329693B29008A7F19 /* Network */,
				07983DA7296935A7007B919C /* View */,
				07983DAA29693691007B919C /* ViewController */,
				07983DA929693610007B919C /* App */,
				07983DA8296935DE007B919C /* Extensions */,
				07983DA6296935A4007B919C /* ViewModel */,
				07983DA5296935A0007B919C /* Model */,
				07983D9729693592007B919C /* Main.storyboard */,
				07983D9A29693593007B919C /* Assets.xcassets */,
				07983D9C29693593007B919C /* LaunchScreen.storyboard */,
				07983D9F29693593007B919C /* Info.plist */,
				079ED70429694E41008A7F19 /* Font */,
			);
			path = PointAndLineToPlane;
			sourceTree = "<group>";
		};
		07983DA5296935A0007B919C /* Model */ = {
			isa = PBXGroup;
			children = (
				2C6CE6552969FBD800E88E35 /* DotRequestModel.swift */,
			);
			path = Model;
			sourceTree = "<group>";
		};
		07983DA6296935A4007B919C /* ViewModel */ = {
			isa = PBXGroup;
			children = (
			);
			path = ViewModel;
			sourceTree = "<group>";
		};
		07983DA7296935A7007B919C /* View */ = {
			isa = PBXGroup;
			children = (
				2C6CE63F296972F800E88E35 /* Write */,
			);
			path = View;
			sourceTree = "<group>";
		};
		07983DA8296935DE007B919C /* Extensions */ = {
			isa = PBXGroup;
			children = (
			);
			path = Extensions;
			sourceTree = "<group>";
		};
		07983DA929693610007B919C /* App */ = {
			isa = PBXGroup;
			children = (
				07983D9129693592007B919C /* AppDelegate.swift */,
				07983D9329693592007B919C /* SceneDelegate.swift */,
				2C6CE6572969FCFD00E88E35 /* APIToken.swift */,
			);
			path = App;
			sourceTree = "<group>";
		};
		07983DAA29693691007B919C /* ViewController */ = {
			isa = PBXGroup;
			children = (
				2C6CE63B2969641200E88E35 /* Write */,
				07983D9529693592007B919C /* ViewController.swift */,
			);
			path = ViewController;
			sourceTree = "<group>";
		};
		079ED70329693B29008A7F19 /* Network */ = {
			isa = PBXGroup;
			children = (
			);
			path = Network;
			sourceTree = "<group>";
		};
		079ED70429694E41008A7F19 /* Font */ = {
			isa = PBXGroup;
			children = (
				079ED70929694FC7008A7F19 /* Pretendard-1 */,
			);
			path = Font;
			sourceTree = "<group>";
		};
		2C6CE63B2969641200E88E35 /* Write */ = {
			isa = PBXGroup;
			children = (
				2C6CE63C2969641900E88E35 /* Point */,
				2C6CE64D2969C28100E88E35 /* Plane */,
			);
			path = Write;
			sourceTree = "<group>";
		};
		2C6CE63C2969641900E88E35 /* Point */ = {
			isa = PBXGroup;
			children = (
				2C6CE63D296966A800E88E35 /* PointWriteViewController.swift */,
				2C6CE64729699E3200E88E35 /* PointPopUpViewController.swift */,
			);
			path = Point;
			sourceTree = "<group>";
		};
		2C6CE63F296972F800E88E35 /* Write */ = {
			isa = PBXGroup;
			children = (
				2C6CE640296972FE00E88E35 /* Point */,
				2C6CE6502969C7C000E88E35 /* Plane */,
			);
			path = Write;
			sourceTree = "<group>";
		};
		2C6CE640296972FE00E88E35 /* Point */ = {
			isa = PBXGroup;
			children = (
				2C6CE6432969748F00E88E35 /* PointWriteCollectionViewCell.swift */,
			);
			path = Point;
			sourceTree = "<group>";
		};
		2C6CE64D2969C28100E88E35 /* Plane */ = {
			isa = PBXGroup;
			children = (
				2C6CE64E2969C2B900E88E35 /* PlaneListViewController.swift */,
				2C6CE6532969F63B00E88E35 /* PlaneWriteViewController.swift */,
				2C6CE65B296A0DEA00E88E35 /* PlanePopUpViewController.swift */,
			);
			path = Plane;
			sourceTree = "<group>";
		};
		2C6CE6502969C7C000E88E35 /* Plane */ = {
			isa = PBXGroup;
			children = (
				2C6CE6512969C7FE00E88E35 /* PlaneWriteCollectionViewCell.swift */,
				2C6CE659296A0C3700E88E35 /* PlaneWriteSelectedCollectionViewCell.swift */,
			);
			path = Plane;
			sourceTree = "<group>";
		};
/* End PBXGroup section */

/* Begin PBXNativeTarget section */
		07983D8D29693592007B919C /* PointAndLineToPlane */ = {
			isa = PBXNativeTarget;
			buildConfigurationList = 07983DA229693593007B919C /* Build configuration list for PBXNativeTarget "PointAndLineToPlane" */;
			buildPhases = (
				07983D8A29693592007B919C /* Sources */,
				07983D8B29693592007B919C /* Frameworks */,
				07983D8C29693592007B919C /* Resources */,
			);
			buildRules = (
			);
			dependencies = (
			);
			name = PointAndLineToPlane;
			packageProductDependencies = (
				07983DB1296937B7007B919C /* SnapKit */,
				07983DB4296937D1007B919C /* Alamofire */,
			);
			productName = PointAndLineToPlane;
			productReference = 07983D8E29693592007B919C /* PointAndLineToPlane.app */;
			productType = "com.apple.product-type.application";
		};
/* End PBXNativeTarget section */

/* Begin PBXProject section */
		07983D8629693592007B919C /* Project object */ = {
			isa = PBXProject;
			attributes = {
				BuildIndependentTargetsInParallel = 1;
				LastSwiftUpdateCheck = 1400;
				LastUpgradeCheck = 1400;
				TargetAttributes = {
					07983D8D29693592007B919C = {
						CreatedOnToolsVersion = 14.0.1;
					};
				};
			};
			buildConfigurationList = 07983D8929693592007B919C /* Build configuration list for PBXProject "PointAndLineToPlane" */;
			compatibilityVersion = "Xcode 13.0";
			developmentRegion = en;
			hasScannedForEncodings = 0;
			knownRegions = (
				en,
				Base,
			);
			mainGroup = 07983D8529693592007B919C;
			packageReferences = (
				07983DB0296937B7007B919C /* XCRemoteSwiftPackageReference "SnapKit" */,
				07983DB3296937D1007B919C /* XCRemoteSwiftPackageReference "Alamofire" */,
			);
			productRefGroup = 07983D8F29693592007B919C /* Products */;
			projectDirPath = "";
			projectRoot = "";
			targets = (
				07983D8D29693592007B919C /* PointAndLineToPlane */,
			);
		};
/* End PBXProject section */

/* Begin PBXResourcesBuildPhase section */
		07983D8C29693592007B919C /* Resources */ = {
			isa = PBXResourcesBuildPhase;
			buildActionMask = 2147483647;
			files = (
				079ED70A29694FC7008A7F19 /* Pretendard-1 in Resources */,
				07983D9E29693593007B919C /* LaunchScreen.storyboard in Resources */,
				07983D9B29693593007B919C /* Assets.xcassets in Resources */,
				07983D9929693592007B919C /* Main.storyboard in Resources */,
			);
			runOnlyForDeploymentPostprocessing = 0;
		};
/* End PBXResourcesBuildPhase section */

/* Begin PBXSourcesBuildPhase section */
		07983D8A29693592007B919C /* Sources */ = {
			isa = PBXSourcesBuildPhase;
			buildActionMask = 2147483647;
			files = (
				2C6CE6542969F63B00E88E35 /* PlaneWriteViewController.swift in Sources */,
				07983D9629693592007B919C /* ViewController.swift in Sources */,
				2C6CE63E296966A800E88E35 /* PointWriteViewController.swift in Sources */,
				2C6CE64829699E3200E88E35 /* PointPopUpViewController.swift in Sources */,
				2C6CE65A296A0C3700E88E35 /* PlaneWriteSelectedCollectionViewCell.swift in Sources */,
				2C6CE6522969C7FE00E88E35 /* PlaneWriteCollectionViewCell.swift in Sources */,
				2C6CE6562969FBD800E88E35 /* DotRequestModel.swift in Sources */,
				2C6CE64F2969C2B900E88E35 /* PlaneListViewController.swift in Sources */,
				2C6CE6442969748F00E88E35 /* PointWriteCollectionViewCell.swift in Sources */,
				07983D9229693592007B919C /* AppDelegate.swift in Sources */,
				07983D9429693592007B919C /* SceneDelegate.swift in Sources */,
				2C6CE6582969FCFD00E88E35 /* APIToken.swift in Sources */,
				2C6CE65C296A0DEA00E88E35 /* PlanePopUpViewController.swift in Sources */,
			);
			runOnlyForDeploymentPostprocessing = 0;
		};
/* End PBXSourcesBuildPhase section */

/* Begin PBXVariantGroup section */
		07983D9729693592007B919C /* Main.storyboard */ = {
			isa = PBXVariantGroup;
			children = (
				07983D9829693592007B919C /* Base */,
			);
			name = Main.storyboard;
			sourceTree = "<group>";
		};
		07983D9C29693593007B919C /* LaunchScreen.storyboard */ = {
			isa = PBXVariantGroup;
			children = (
				07983D9D29693593007B919C /* Base */,
			);
			name = LaunchScreen.storyboard;
			sourceTree = "<group>";
		};
/* End PBXVariantGroup section */

/* Begin XCBuildConfiguration section */
		07983DA029693593007B919C /* Debug */ = {
			isa = XCBuildConfiguration;
			buildSettings = {
				ALWAYS_SEARCH_USER_PATHS = NO;
				CLANG_ANALYZER_NONNULL = YES;
				CLANG_ANALYZER_NUMBER_OBJECT_CONVERSION = YES_AGGRESSIVE;
				CLANG_CXX_LANGUAGE_STANDARD = "gnu++20";
				CLANG_ENABLE_MODULES = YES;
				CLANG_ENABLE_OBJC_ARC = YES;
				CLANG_ENABLE_OBJC_WEAK = YES;
				CLANG_WARN_BLOCK_CAPTURE_AUTORELEASING = YES;
				CLANG_WARN_BOOL_CONVERSION = YES;
				CLANG_WARN_COMMA = YES;
				CLANG_WARN_CONSTANT_CONVERSION = YES;
				CLANG_WARN_DEPRECATED_OBJC_IMPLEMENTATIONS = YES;
				CLANG_WARN_DIRECT_OBJC_ISA_USAGE = YES_ERROR;
				CLANG_WARN_DOCUMENTATION_COMMENTS = YES;
				CLANG_WARN_EMPTY_BODY = YES;
				CLANG_WARN_ENUM_CONVERSION = YES;
				CLANG_WARN_INFINITE_RECURSION = YES;
				CLANG_WARN_INT_CONVERSION = YES;
				CLANG_WARN_NON_LITERAL_NULL_CONVERSION = YES;
				CLANG_WARN_OBJC_IMPLICIT_RETAIN_SELF = YES;
				CLANG_WARN_OBJC_LITERAL_CONVERSION = YES;
				CLANG_WARN_OBJC_ROOT_CLASS = YES_ERROR;
				CLANG_WARN_QUOTED_INCLUDE_IN_FRAMEWORK_HEADER = YES;
				CLANG_WARN_RANGE_LOOP_ANALYSIS = YES;
				CLANG_WARN_STRICT_PROTOTYPES = YES;
				CLANG_WARN_SUSPICIOUS_MOVE = YES;
				CLANG_WARN_UNGUARDED_AVAILABILITY = YES_AGGRESSIVE;
				CLANG_WARN_UNREACHABLE_CODE = YES;
				CLANG_WARN__DUPLICATE_METHOD_MATCH = YES;
				COPY_PHASE_STRIP = NO;
				DEBUG_INFORMATION_FORMAT = dwarf;
				ENABLE_STRICT_OBJC_MSGSEND = YES;
				ENABLE_TESTABILITY = YES;
				GCC_C_LANGUAGE_STANDARD = gnu11;
				GCC_DYNAMIC_NO_PIC = NO;
				GCC_NO_COMMON_BLOCKS = YES;
				GCC_OPTIMIZATION_LEVEL = 0;
				GCC_PREPROCESSOR_DEFINITIONS = (
					"DEBUG=1",
					"$(inherited)",
				);
				GCC_WARN_64_TO_32_BIT_CONVERSION = YES;
				GCC_WARN_ABOUT_RETURN_TYPE = YES_ERROR;
				GCC_WARN_UNDECLARED_SELECTOR = YES;
				GCC_WARN_UNINITIALIZED_AUTOS = YES_AGGRESSIVE;
				GCC_WARN_UNUSED_FUNCTION = YES;
				GCC_WARN_UNUSED_VARIABLE = YES;
				IPHONEOS_DEPLOYMENT_TARGET = 16.0;
				MTL_ENABLE_DEBUG_INFO = INCLUDE_SOURCE;
				MTL_FAST_MATH = YES;
				ONLY_ACTIVE_ARCH = YES;
				SDKROOT = iphoneos;
				SWIFT_ACTIVE_COMPILATION_CONDITIONS = DEBUG;
				SWIFT_OPTIMIZATION_LEVEL = "-Onone";
			};
			name = Debug;
		};
		07983DA129693593007B919C /* Release */ = {
			isa = XCBuildConfiguration;
			buildSettings = {
				ALWAYS_SEARCH_USER_PATHS = NO;
				CLANG_ANALYZER_NONNULL = YES;
				CLANG_ANALYZER_NUMBER_OBJECT_CONVERSION = YES_AGGRESSIVE;
				CLANG_CXX_LANGUAGE_STANDARD = "gnu++20";
				CLANG_ENABLE_MODULES = YES;
				CLANG_ENABLE_OBJC_ARC = YES;
				CLANG_ENABLE_OBJC_WEAK = YES;
				CLANG_WARN_BLOCK_CAPTURE_AUTORELEASING = YES;
				CLANG_WARN_BOOL_CONVERSION = YES;
				CLANG_WARN_COMMA = YES;
				CLANG_WARN_CONSTANT_CONVERSION = YES;
				CLANG_WARN_DEPRECATED_OBJC_IMPLEMENTATIONS = YES;
				CLANG_WARN_DIRECT_OBJC_ISA_USAGE = YES_ERROR;
				CLANG_WARN_DOCUMENTATION_COMMENTS = YES;
				CLANG_WARN_EMPTY_BODY = YES;
				CLANG_WARN_ENUM_CONVERSION = YES;
				CLANG_WARN_INFINITE_RECURSION = YES;
				CLANG_WARN_INT_CONVERSION = YES;
				CLANG_WARN_NON_LITERAL_NULL_CONVERSION = YES;
				CLANG_WARN_OBJC_IMPLICIT_RETAIN_SELF = YES;
				CLANG_WARN_OBJC_LITERAL_CONVERSION = YES;
				CLANG_WARN_OBJC_ROOT_CLASS = YES_ERROR;
				CLANG_WARN_QUOTED_INCLUDE_IN_FRAMEWORK_HEADER = YES;
				CLANG_WARN_RANGE_LOOP_ANALYSIS = YES;
				CLANG_WARN_STRICT_PROTOTYPES = YES;
				CLANG_WARN_SUSPICIOUS_MOVE = YES;
				CLANG_WARN_UNGUARDED_AVAILABILITY = YES_AGGRESSIVE;
				CLANG_WARN_UNREACHABLE_CODE = YES;
				CLANG_WARN__DUPLICATE_METHOD_MATCH = YES;
				COPY_PHASE_STRIP = NO;
				DEBUG_INFORMATION_FORMAT = "dwarf-with-dsym";
				ENABLE_NS_ASSERTIONS = NO;
				ENABLE_STRICT_OBJC_MSGSEND = YES;
				GCC_C_LANGUAGE_STANDARD = gnu11;
				GCC_NO_COMMON_BLOCKS = YES;
				GCC_WARN_64_TO_32_BIT_CONVERSION = YES;
				GCC_WARN_ABOUT_RETURN_TYPE = YES_ERROR;
				GCC_WARN_UNDECLARED_SELECTOR = YES;
				GCC_WARN_UNINITIALIZED_AUTOS = YES_AGGRESSIVE;
				GCC_WARN_UNUSED_FUNCTION = YES;
				GCC_WARN_UNUSED_VARIABLE = YES;
				IPHONEOS_DEPLOYMENT_TARGET = 16.0;
				MTL_ENABLE_DEBUG_INFO = NO;
				MTL_FAST_MATH = YES;
				SDKROOT = iphoneos;
				SWIFT_COMPILATION_MODE = wholemodule;
				SWIFT_OPTIMIZATION_LEVEL = "-O";
				VALIDATE_PRODUCT = YES;
			};
			name = Release;
		};
		07983DA329693593007B919C /* Debug */ = {
			isa = XCBuildConfiguration;
			buildSettings = {
				ASSETCATALOG_COMPILER_APPICON_NAME = AppIcon;
				ASSETCATALOG_COMPILER_GLOBAL_ACCENT_COLOR_NAME = AccentColor;
				CODE_SIGN_STYLE = Automatic;
				CURRENT_PROJECT_VERSION = 1;
				DEVELOPMENT_TEAM = 2V279GTPCN;
				GENERATE_INFOPLIST_FILE = YES;
				INFOPLIST_FILE = PointAndLineToPlane/Info.plist;
				INFOPLIST_KEY_UIApplicationSupportsIndirectInputEvents = YES;
				INFOPLIST_KEY_UILaunchStoryboardName = LaunchScreen;
				INFOPLIST_KEY_UISupportedInterfaceOrientations_iPad = "UIInterfaceOrientationPortrait UIInterfaceOrientationPortraitUpsideDown UIInterfaceOrientationLandscapeLeft UIInterfaceOrientationLandscapeRight";
				INFOPLIST_KEY_UISupportedInterfaceOrientations_iPhone = "UIInterfaceOrientationPortrait UIInterfaceOrientationLandscapeLeft UIInterfaceOrientationLandscapeRight";
				LD_RUNPATH_SEARCH_PATHS = (
					"$(inherited)",
					"@executable_path/Frameworks",
				);
				MARKETING_VERSION = 1.0;
				PRODUCT_BUNDLE_IDENTIFIER = com.Ha.PointAndLineToPlane;
				PRODUCT_NAME = "$(TARGET_NAME)";
				SWIFT_EMIT_LOC_STRINGS = YES;
				SWIFT_VERSION = 5.0;
				TARGETED_DEVICE_FAMILY = "1,2";
			};
			name = Debug;
		};
		07983DA429693593007B919C /* Release */ = {
			isa = XCBuildConfiguration;
			buildSettings = {
				ASSETCATALOG_COMPILER_APPICON_NAME = AppIcon;
				ASSETCATALOG_COMPILER_GLOBAL_ACCENT_COLOR_NAME = AccentColor;
				CODE_SIGN_STYLE = Automatic;
				CURRENT_PROJECT_VERSION = 1;
				DEVELOPMENT_TEAM = 2V279GTPCN;
				GENERATE_INFOPLIST_FILE = YES;
				INFOPLIST_FILE = PointAndLineToPlane/Info.plist;
				INFOPLIST_KEY_UIApplicationSupportsIndirectInputEvents = YES;
				INFOPLIST_KEY_UILaunchStoryboardName = LaunchScreen;
				INFOPLIST_KEY_UISupportedInterfaceOrientations_iPad = "UIInterfaceOrientationPortrait UIInterfaceOrientationPortraitUpsideDown UIInterfaceOrientationLandscapeLeft UIInterfaceOrientationLandscapeRight";
				INFOPLIST_KEY_UISupportedInterfaceOrientations_iPhone = "UIInterfaceOrientationPortrait UIInterfaceOrientationLandscapeLeft UIInterfaceOrientationLandscapeRight";
				LD_RUNPATH_SEARCH_PATHS = (
					"$(inherited)",
					"@executable_path/Frameworks",
				);
				MARKETING_VERSION = 1.0;
				PRODUCT_BUNDLE_IDENTIFIER = com.Ha.PointAndLineToPlane;
				PRODUCT_NAME = "$(TARGET_NAME)";
				SWIFT_EMIT_LOC_STRINGS = YES;
				SWIFT_VERSION = 5.0;
				TARGETED_DEVICE_FAMILY = "1,2";
			};
			name = Release;
		};
/* End XCBuildConfiguration section */

/* Begin XCConfigurationList section */
		07983D8929693592007B919C /* Build configuration list for PBXProject "PointAndLineToPlane" */ = {
			isa = XCConfigurationList;
			buildConfigurations = (
				07983DA029693593007B919C /* Debug */,
				07983DA129693593007B919C /* Release */,
			);
			defaultConfigurationIsVisible = 0;
			defaultConfigurationName = Release;
		};
		07983DA229693593007B919C /* Build configuration list for PBXNativeTarget "PointAndLineToPlane" */ = {
			isa = XCConfigurationList;
			buildConfigurations = (
				07983DA329693593007B919C /* Debug */,
				07983DA429693593007B919C /* Release */,
			);
			defaultConfigurationIsVisible = 0;
			defaultConfigurationName = Release;
		};
/* End XCConfigurationList section */

/* Begin XCRemoteSwiftPackageReference section */
		07983DB0296937B7007B919C /* XCRemoteSwiftPackageReference "SnapKit" */ = {
			isa = XCRemoteSwiftPackageReference;
			repositoryURL = "https://github.com/SnapKit/SnapKit.git";
			requirement = {
				kind = upToNextMajorVersion;
				minimumVersion = 5.0.0;
			};
		};
		07983DB3296937D1007B919C /* XCRemoteSwiftPackageReference "Alamofire" */ = {
			isa = XCRemoteSwiftPackageReference;
			repositoryURL = "https://github.com/Alamofire/Alamofire.git";
			requirement = {
				kind = upToNextMajorVersion;
				minimumVersion = 5.0.0;
			};
		};
/* End XCRemoteSwiftPackageReference section */

/* Begin XCSwiftPackageProductDependency section */
		07983DB1296937B7007B919C /* SnapKit */ = {
			isa = XCSwiftPackageProductDependency;
			package = 07983DB0296937B7007B919C /* XCRemoteSwiftPackageReference "SnapKit" */;
			productName = SnapKit;
		};
		07983DB4296937D1007B919C /* Alamofire */ = {
			isa = XCSwiftPackageProductDependency;
			package = 07983DB3296937D1007B919C /* XCRemoteSwiftPackageReference "Alamofire" */;
			productName = Alamofire;
		};
/* End XCSwiftPackageProductDependency section */
	};
	rootObject = 07983D8629693592007B919C /* Project object */;
}
